{
  "nodes": {
    "nixpkgs": {
      "locked": {
        "lastModified": 1757810152,
        "narHash": "sha256-Vp9K5ol6h0J90jG7Rm4RWZsCB3x7v5VPx588TQ1dkfs=",
        "owner": "nixos",
        "repo": "nixpkgs",
        "rev": "9a094440e02a699be5c57453a092a8baf569bdad",
        "type": "github"
      },
      "original": {
        "owner": "nixos",
        "ref": "nixos-25.05",
        "repo": "nixpkgs",
        "type": "github"
      }
    },
    "perch": {
      "inputs": {
        "nixpkgs": [
          "nixpkgs"
        ]
      },
      "locked": {
        "lastModified": 1745069609,
        "narHash": "sha256-KdU6UM7VrmfQ7CjTPl+osE4BSmXX4SwLPNnHgt90yFc=",
        "owner": "altibiz",
        "repo": "perch",
        "rev": "63d34636e2dd24e252f4bf49d03ee3c547b2a7ec",
        "type": "github"
      },
      "original": {
        "owner": "altibiz",
        "ref": "refs/tags/2.2.1",
        "repo": "perch",
        "type": "github"
      }
    },
    "root": {
      "inputs": {
        "nixpkgs": "nixpkgs",
        "perch": "perch"
      }
    }
  },
  "root": "root",
  "version": 7
}
